# This file is automatically @generated by Cargo.
# It is not intended for manual editing.
version = 4

[[package]]
name = "allocator_simple"
version = "0.1.0"

[[package]]
name = "arch-riscv64"
version = "0.1.0"

[[package]]
name = "core_test"
version = "0.1.0"

[[package]]
name = "fdt"
version = "0.2.0-alpha2"

[[package]]
name = "interfaces"
version = "0.1.0"

[[package]]
name = "kernel"
version = "0.1.0"

[[package]]
name = "logger"
version = "0.1.0"

[[package]]
name = "minimal"
version = "0.1.0"
dependencies = [
 "fdt",
]

[[package]]
name = "scheduler_rr"
version = "0.1.0"
